// !$*UTF8*$!
{
	archiveVersion = 1;
	classes = {
	};
	objectVersion = 48;
	objects = {

/* Begin PBXBuildFile section */
		833161691FDC6BF80048ED24 /* AppDelegate.swift in Sources */ = {isa = PBXBuildFile; fileRef = 833161681FDC6BF80048ED24 /* AppDelegate.swift */; };
		8331616B1FDC6BF80048ED24 /* ViewController.swift in Sources */ = {isa = PBXBuildFile; fileRef = 8331616A1FDC6BF80048ED24 /* ViewController.swift */; };
		8331616E1FDC6BF80048ED24 /* Main.storyboard in Resources */ = {isa = PBXBuildFile; fileRef = 8331616C1FDC6BF80048ED24 /* Main.storyboard */; };
		833161701FDC6BF80048ED24 /* Assets.xcassets in Resources */ = {isa = PBXBuildFile; fileRef = 8331616F1FDC6BF80048ED24 /* Assets.xcassets */; };
		833161731FDC6BF80048ED24 /* LaunchScreen.storyboard in Resources */ = {isa = PBXBuildFile; fileRef = 833161711FDC6BF80048ED24 /* LaunchScreen.storyboard */; };
		8331617B1FDC6CC90048ED24 /* GoogleService-Info.plist in Resources */ = {isa = PBXBuildFile; fileRef = 8331617A1FDC6CC90048ED24 /* GoogleService-Info.plist */; };
		8331617D1FDC6FEF0048ED24 /* Student.swift in Sources */ = {isa = PBXBuildFile; fileRef = 8331617C1FDC6FEF0048ED24 /* Student.swift */; };
		8331617F1FDC6FFE0048ED24 /* Lecture.swift in Sources */ = {isa = PBXBuildFile; fileRef = 8331617E1FDC6FFE0048ED24 /* Lecture.swift */; };
		833161811FDC701E0048ED24 /* DatabaseInterface.swift in Sources */ = {isa = PBXBuildFile; fileRef = 833161801FDC701E0048ED24 /* DatabaseInterface.swift */; };
		B634E7EA0175F6F62805B351 /* libPods-LabsterProj.a in Frameworks */ = {isa = PBXBuildFile; fileRef = 660B5F4C11309617805F05EE /* libPods-LabsterProj.a */; };
/* End PBXBuildFile section */

/* Begin PBXFileReference section */
		660B5F4C11309617805F05EE /* libPods-LabsterProj.a */ = {isa = PBXFileReference; explicitFileType = archive.ar; includeInIndex = 0; path = "libPods-LabsterProj.a"; sourceTree = BUILT_PRODUCTS_DIR; };
		733CCC093F06BDBCD9F233A2 /* Pods-LabsterProj.debug.xcconfig */ = {isa = PBXFileReference; includeInIndex = 1; lastKnownFileType = text.xcconfig; name = "Pods-LabsterProj.debug.xcconfig"; path = "Pods/Target Support Files/Pods-LabsterProj/Pods-LabsterProj.debug.xcconfig"; sourceTree = "<group>"; };
		833161651FDC6BF80048ED24 /* LabsterProj.app */ = {isa = PBXFileReference; explicitFileType = wrapper.application; includeInIndex = 0; path = LabsterProj.app; sourceTree = BUILT_PRODUCTS_DIR; };
		833161681FDC6BF80048ED24 /* AppDelegate.swift */ = {isa = PBXFileReference; lastKnownFileType = sourcecode.swift; path = AppDelegate.swift; sourceTree = "<group>"; };
		8331616A1FDC6BF80048ED24 /* ViewController.swift */ = {isa = PBXFileReference; lastKnownFileType = sourcecode.swift; path = ViewController.swift; sourceTree = "<group>"; };
		8331616D1FDC6BF80048ED24 /* Base */ = {isa = PBXFileReference; lastKnownFileType = file.storyboard; name = Base; path = Base.lproj/Main.storyboard; sourceTree = "<group>"; };
		8331616F1FDC6BF80048ED24 /* Assets.xcassets */ = {isa = PBXFileReference; lastKnownFileType = folder.assetcatalog; path = Assets.xcassets; sourceTree = "<group>"; };
		833161721FDC6BF80048ED24 /* Base */ = {isa = PBXFileReference; lastKnownFileType = file.storyboard; name = Base; path = Base.lproj/LaunchScreen.storyboard; sourceTree = "<group>"; };
		833161741FDC6BF80048ED24 /* Info.plist */ = {isa = PBXFileReference; lastKnownFileType = text.plist.xml; path = Info.plist; sourceTree = "<group>"; };
		8331617A1FDC6CC90048ED24 /* GoogleService-Info.plist */ = {isa = PBXFileReference; fileEncoding = 4; lastKnownFileType = text.plist.xml; path = "GoogleService-Info.plist"; sourceTree = "<group>"; };
		8331617C1FDC6FEF0048ED24 /* Student.swift */ = {isa = PBXFileReference; lastKnownFileType = sourcecode.swift; path = Student.swift; sourceTree = "<group>"; };
		8331617E1FDC6FFE0048ED24 /* Lecture.swift */ = {isa = PBXFileReference; lastKnownFileType = sourcecode.swift; path = Lecture.swift; sourceTree = "<group>"; };
		833161801FDC701E0048ED24 /* DatabaseInterface.swift */ = {isa = PBXFileReference; lastKnownFileType = sourcecode.swift; path = DatabaseInterface.swift; sourceTree = "<group>"; };
		8FAF63DD4DF301C4D7D63C53 /* Pods-LabsterProj.release.xcconfig */ = {isa = PBXFileReference; includeInIndex = 1; lastKnownFileType = text.xcconfig; name = "Pods-LabsterProj.release.xcconfig"; path = "Pods/Target Support Files/Pods-LabsterProj/Pods-LabsterProj.release.xcconfig"; sourceTree = "<group>"; };
/* End PBXFileReference section */

/* Begin PBXFrameworksBuildPhase section */
		833161621FDC6BF80048ED24 /* Frameworks */ = {
			isa = PBXFrameworksBuildPhase;
			buildActionMask = 2147483647;
			files = (
				B634E7EA0175F6F62805B351 /* libPods-LabsterProj.a in Frameworks */,
			);
			runOnlyForDeploymentPostprocessing = 0;
		};
/* End PBXFrameworksBuildPhase section */

/* Begin PBXGroup section */
		587E200A774FBAA48BCDB8B0 /* Frameworks */ = {
			isa = PBXGroup;
			children = (
				660B5F4C11309617805F05EE /* libPods-LabsterProj.a */,
			);
			name = Frameworks;
			sourceTree = "<group>";
		};
		8331615C1FDC6BF80048ED24 = {
			isa = PBXGroup;
			children = (
				833161671FDC6BF80048ED24 /* LabsterProj */,
				833161661FDC6BF80048ED24 /* Products */,
				F127FD5268C9B4E819786525 /* Pods */,
				587E200A774FBAA48BCDB8B0 /* Frameworks */,
			);
			sourceTree = "<group>";
		};
		833161661FDC6BF80048ED24 /* Products */ = {
			isa = PBXGroup;
			children = (
				833161651FDC6BF80048ED24 /* LabsterProj.app */,
			);
			name = Products;
			sourceTree = "<group>";
		};
		833161671FDC6BF80048ED24 /* LabsterProj */ = {
			isa = PBXGroup;
			children = (
				833161681FDC6BF80048ED24 /* AppDelegate.swift */,
				8331616A1FDC6BF80048ED24 /* ViewController.swift */,
				8331617C1FDC6FEF0048ED24 /* Student.swift */,
				8331617E1FDC6FFE0048ED24 /* Lecture.swift */,
				833161801FDC701E0048ED24 /* DatabaseInterface.swift */,
				8331616C1FDC6BF80048ED24 /* Main.storyboard */,
				8331616F1FDC6BF80048ED24 /* Assets.xcassets */,
				833161711FDC6BF80048ED24 /* LaunchScreen.storyboard */,
				833161741FDC6BF80048ED24 /* Info.plist */,
				8331617A1FDC6CC90048ED24 /* GoogleService-Info.plist */,
			);
			path = LabsterProj;
			sourceTree = "<group>";
		};
		F127FD5268C9B4E819786525 /* Pods */ = {
			isa = PBXGroup;
			children = (
				733CCC093F06BDBCD9F233A2 /* Pods-LabsterProj.debug.xcconfig */,
				8FAF63DD4DF301C4D7D63C53 /* Pods-LabsterProj.release.xcconfig */,
			);
			name = Pods;
			sourceTree = "<group>";
		};
/* End PBXGroup section */

/* Begin PBXNativeTarget section */
		833161641FDC6BF80048ED24 /* LabsterProj */ = {
			isa = PBXNativeTarget;
			buildConfigurationList = 833161771FDC6BF80048ED24 /* Build configuration list for PBXNativeTarget "LabsterProj" */;
			buildPhases = (
				1BCD9D3C5AE7314395773941 /* [CP] Check Pods Manifest.lock */,
				833161611FDC6BF80048ED24 /* Sources */,
				833161621FDC6BF80048ED24 /* Frameworks */,
				833161631FDC6BF80048ED24 /* Resources */,
				152721AE8327453F45844E8D /* [CP] Embed Pods Frameworks */,
				E39654E9B655E7DAF9AC0EAE /* [CP] Copy Pods Resources */,
			);
			buildRules = (
			);
			dependencies = (
			);
			name = LabsterProj;
			productName = LabsterProj;
			productReference = 833161651FDC6BF80048ED24 /* LabsterProj.app */;
			productType = "com.apple.product-type.application";
		};
/* End PBXNativeTarget section */

/* Begin PBXProject section */
		8331615D1FDC6BF80048ED24 /* Project object */ = {
			isa = PBXProject;
			attributes = {
				LastSwiftUpdateCheck = 0910;
				LastUpgradeCheck = 0910;
				ORGANIZATIONNAME = "Radu Albastroiu";
				TargetAttributes = {
					833161641FDC6BF80048ED24 = {
						CreatedOnToolsVersion = 9.1;
						ProvisioningStyle = Automatic;
					};
				};
			};
			buildConfigurationList = 833161601FDC6BF80048ED24 /* Build configuration list for PBXProject "LabsterProj" */;
			compatibilityVersion = "Xcode 8.0";
			developmentRegion = en;
			hasScannedForEncodings = 0;
			knownRegions = (
				en,
				Base,
			);
			mainGroup = 8331615C1FDC6BF80048ED24;
			productRefGroup = 833161661FDC6BF80048ED24 /* Products */;
			projectDirPath = "";
			projectRoot = "";
			targets = (
				833161641FDC6BF80048ED24 /* LabsterProj */,
			);
		};
/* End PBXProject section */

/* Begin PBXResourcesBuildPhase section */
		833161631FDC6BF80048ED24 /* Resources */ = {
			isa = PBXResourcesBuildPhase;
			buildActionMask = 2147483647;
			files = (
				833161731FDC6BF80048ED24 /* LaunchScreen.storyboard in Resources */,
				8331617B1FDC6CC90048ED24 /* GoogleService-Info.plist in Resources */,
				833161701FDC6BF80048ED24 /* Assets.xcassets in Resources */,
				8331616E1FDC6BF80048ED24 /* Main.storyboard in Resources */,
			);
			runOnlyForDeploymentPostprocessing = 0;
		};
/* End PBXResourcesBuildPhase section */

/* Begin PBXShellScriptBuildPhase section */
		152721AE8327453F45844E8D /* [CP] Embed Pods Frameworks */ = {
			isa = PBXShellScriptBuildPhase;
			buildActionMask = 2147483647;
			files = (
			);
			inputPaths = (
			);
			name = "[CP] Embed Pods Frameworks";
			outputPaths = (
			);
			runOnlyForDeploymentPostprocessing = 0;
			shellPath = /bin/sh;
			shellScript = "\"${SRCROOT}/Pods/Target Support Files/Pods-LabsterProj/Pods-LabsterProj-frameworks.sh\"\n";
			showEnvVarsInLog = 0;
		};
		1BCD9D3C5AE7314395773941 /* [CP] Check Pods Manifest.lock */ = {
			isa = PBXShellScriptBuildPhase;
			buildActionMask = 2147483647;
			files = (
			);
			inputPaths = (
				"${PODS_PODFILE_DIR_PATH}/Podfile.lock",
				"${PODS_ROOT}/Manifest.lock",
			);
			name = "[CP] Check Pods Manifest.lock";
			outputPaths = (
				"$(DERIVED_FILE_DIR)/Pods-LabsterProj-checkManifestLockResult.txt",
			);
			runOnlyForDeploymentPostprocessing = 0;
			shellPath = /bin/sh;
			shellScript = "diff \"${PODS_PODFILE_DIR_PATH}/Podfile.lock\" \"${PODS_ROOT}/Manifest.lock\" > /dev/null\nif [ $? != 0 ] ; then\n    # print error to STDERR\n    echo \"error: The sandbox is not in sync with the Podfile.lock. Run 'pod install' or update your CocoaPods installation.\" >&2\n    exit 1\nfi\n# This output is used by Xcode 'outputs' to avoid re-running this script phase.\necho \"SUCCESS\" > \"${SCRIPT_OUTPUT_FILE_0}\"\n";
			showEnvVarsInLog = 0;
		};
		E39654E9B655E7DAF9AC0EAE /* [CP] Copy Pods Resources */ = {
			isa = PBXShellScriptBuildPhase;
			buildActionMask = 2147483647;
			files = (
			);
			inputPaths = (
			);
			name = "[CP] Copy Pods Resources";
			outputPaths = (
			);
			runOnlyForDeploymentPostprocessing = 0;
			shellPath = /bin/sh;
			shellScript = "\"${SRCROOT}/Pods/Target Support Files/Pods-LabsterProj/Pods-LabsterProj-resources.sh\"\n";
			showEnvVarsInLog = 0;
		};
/* End PBXShellScriptBuildPhase section */

/* Begin PBXSourcesBuildPhase section */
		833161611FDC6BF80048ED24 /* Sources */ = {
			isa = PBXSourcesBuildPhase;
			buildActionMask = 2147483647;
			files = (
				8331617F1FDC6FFE0048ED24 /* Lecture.swift in Sources */,
				8331616B1FDC6BF80048ED24 /* ViewController.swift in Sources */,
				8331617D1FDC6FEF0048ED24 /* Student.swift in Sources */,
				833161691FDC6BF80048ED24 /* AppDelegate.swift in Sources */,
				833161811FDC701E0048ED24 /* DatabaseInterface.swift in Sources */,
			);
			runOnlyForDeploymentPostprocessing = 0;
		};
/* End PBXSourcesBuildPhase section */

/* Begin PBXVariantGroup section */
		8331616C1FDC6BF80048ED24 /* Main.storyboard */ = {
			isa = PBXVariantGroup;
			children = (
				8331616D1FDC6BF80048ED24 /* Base */,
			);
			name = Main.storyboard;
			sourceTree = "<group>";
		};
		833161711FDC6BF80048ED24 /* LaunchScreen.storyboard */ = {
			isa = PBXVariantGroup;
			children = (
				833161721FDC6BF80048ED24 /* Base */,
			);
			name = LaunchScreen.storyboard;
			sourceTree = "<group>";
		};
/* End PBXVariantGroup section */

/* Begin XCBuildConfiguration section */
		833161751FDC6BF80048ED24 /* Debug */ = {
			isa = XCBuildConfiguration;
			buildSettings = {
				ALWAYS_SEARCH_USER_PATHS = NO;
				CLANG_ANALYZER_NONNULL = YES;
				CLANG_ANALYZER_NUMBER_OBJECT_CONVERSION = YES_AGGRESSIVE;
				CLANG_CXX_LANGUAGE_STANDARD = "gnu++14";
				CLANG_CXX_LIBRARY = "libc++";
				CLANG_ENABLE_MODULES = YES;
				CLANG_ENABLE_OBJC_ARC = YES;
				CLANG_WARN_BLOCK_CAPTURE_AUTORELEASING = YES;
				CLANG_WARN_BOOL_CONVERSION = YES;
				CLANG_WARN_COMMA = YES;
				CLANG_WARN_CONSTANT_CONVERSION = YES;
				CLANG_WARN_DIRECT_OBJC_ISA_USAGE = YES_ERROR;
				CLANG_WARN_DOCUMENTATION_COMMENTS = YES;
				CLANG_WARN_EMPTY_BODY = YES;
				CLANG_WARN_ENUM_CONVERSION = YES;
				CLANG_WARN_INFINITE_RECURSION = YES;
				CLANG_WARN_INT_CONVERSION = YES;
				CLANG_WARN_NON_LITERAL_NULL_CONVERSION = YES;
				CLANG_WARN_OBJC_LITERAL_CONVERSION = YES;
				CLANG_WARN_OBJC_ROOT_CLASS = YES_ERROR;
				CLANG_WARN_RANGE_LOOP_ANALYSIS = YES;
				CLANG_WARN_STRICT_PROTOTYPES = YES;
				CLANG_WARN_SUSPICIOUS_MOVE = YES;
				CLANG_WARN_UNGUARDED_AVAILABILITY = YES_AGGRESSIVE;
				CLANG_WARN_UNREACHABLE_CODE = YES;
				CLANG_WARN__DUPLICATE_METHOD_MATCH = YES;
				CODE_SIGN_IDENTITY = "iPhone Developer";
				COPY_PHASE_STRIP = NO;
				DEBUG_INFORMATION_FORMAT = dwarf;
				ENABLE_STRICT_OBJC_MSGSEND = YES;
				ENABLE_TESTABILITY = YES;
				GCC_C_LANGUAGE_STANDARD = gnu11;
				GCC_DYNAMIC_NO_PIC = NO;
				GCC_NO_COMMON_BLOCKS = YES;
				GCC_OPTIMIZATION_LEVEL = 0;
				GCC_PREPROCESSOR_DEFINITIONS = (
					"DEBUG=1",
					"$(inherited)",
				);
				GCC_WARN_64_TO_32_BIT_CONVERSION = YES;
				GCC_WARN_ABOUT_RETURN_TYPE = YES_ERROR;
				GCC_WARN_UNDECLARED_SELECTOR = YES;
				GCC_WARN_UNINITIALIZED_AUTOS = YES_AGGRESSIVE;
				GCC_WARN_UNUSED_FUNCTION = YES;
				GCC_WARN_UNUSED_VARIABLE = YES;
				IPHONEOS_DEPLOYMENT_TARGET = 11.1;
				MTL_ENABLE_DEBUG_INFO = YES;
				ONLY_ACTIVE_ARCH = YES;
				SDKROOT = iphoneos;
				SWIFT_ACTIVE_COMPILATION_CONDITIONS = DEBUG;
				SWIFT_OPTIMIZATION_LEVEL = "-Onone";
			};
			name = Debug;
		};
		833161761FDC6BF80048ED24 /* Release */ = {
			isa = XCBuildConfiguration;
			buildSettings = {
				ALWAYS_SEARCH_USER_PATHS = NO;
				CLANG_ANALYZER_NONNULL = YES;
				CLANG_ANALYZER_NUMBER_OBJECT_CONVERSION = YES_AGGRESSIVE;
				CLANG_CXX_LANGUAGE_STANDARD = "gnu++14";
				CLANG_CXX_LIBRARY = "libc++";
				CLANG_ENABLE_MODULES = YES;
				CLANG_ENABLE_OBJC_ARC = YES;
				CLANG_WARN_BLOCK_CAPTURE_AUTORELEASING = YES;
				CLANG_WARN_BOOL_CONVERSION = YES;
				CLANG_WARN_COMMA = YES;
				CLANG_WARN_CONSTANT_CONVERSION = YES;
				CLANG_WARN_DIRECT_OBJC_ISA_USAGE = YES_ERROR;
				CLANG_WARN_DOCUMENTATION_COMMENTS = YES;
				CLANG_WARN_EMPTY_BODY = YES;
				CLANG_WARN_ENUM_CONVERSION = YES;
				CLANG_WARN_INFINITE_RECURSION = YES;
				CLANG_WARN_INT_CONVERSION = YES;
				CLANG_WARN_NON_LITERAL_NULL_CONVERSION = YES;
				CLANG_WARN_OBJC_LITERAL_CONVERSION = YES;
				CLANG_WARN_OBJC_ROOT_CLASS = YES_ERROR;
				CLANG_WARN_RANGE_LOOP_ANALYSIS = YES;
				CLANG_WARN_STRICT_PROTOTYPES = YES;
				CLANG_WARN_SUSPICIOUS_MOVE = YES;
				CLANG_WARN_UNGUARDED_AVAILABILITY = YES_AGGRESSIVE;
				CLANG_WARN_UNREACHABLE_CODE = YES;
				CLANG_WARN__DUPLICATE_METHOD_MATCH = YES;
				CODE_SIGN_IDENTITY = "iPhone Developer";
				COPY_PHASE_STRIP = NO;
				DEBUG_INFORMATION_FORMAT = "dwarf-with-dsym";
				ENABLE_NS_ASSERTIONS = NO;
				ENABLE_STRICT_OBJC_MSGSEND = YES;
				GCC_C_LANGUAGE_STANDARD = gnu11;
				GCC_NO_COMMON_BLOCKS = YES;
				GCC_WARN_64_TO_32_BIT_CONVERSION = YES;
				GCC_WARN_ABOUT_RETURN_TYPE = YES_ERROR;
				GCC_WARN_UNDECLARED_SELECTOR = YES;
				GCC_WARN_UNINITIALIZED_AUTOS = YES_AGGRESSIVE;
				GCC_WARN_UNUSED_FUNCTION = YES;
				GCC_WARN_UNUSED_VARIABLE = YES;
				IPHONEOS_DEPLOYMENT_TARGET = 11.1;
				MTL_ENABLE_DEBUG_INFO = NO;
				SDKROOT = iphoneos;
				SWIFT_OPTIMIZATION_LEVEL = "-Owholemodule";
				VALIDATE_PRODUCT = YES;
			};
			name = Release;
		};
		833161781FDC6BF80048ED24 /* Debug */ = {
			isa = XCBuildConfiguration;
			baseConfigurationReference = 733CCC093F06BDBCD9F233A2 /* Pods-LabsterProj.debug.xcconfig */;
			buildSettings = {
				ASSETCATALOG_COMPILER_APPICON_NAME = AppIcon;
				CODE_SIGN_STYLE = Automatic;
				DEVELOPMENT_TEAM = C3AWL2X8CT;
				INFOPLIST_FILE = LabsterProj/Info.plist;
				IPHONEOS_DEPLOYMENT_TARGET = 10.1;
				LD_RUNPATH_SEARCH_PATHS = "$(inherited) @executable_path/Frameworks";
				PRODUCT_BUNDLE_IDENTIFIER = com.RaduAlbastroiu.LabsterProj;
				PRODUCT_NAME = "$(TARGET_NAME)";
				SWIFT_VERSION = 4.0;
				TARGETED_DEVICE_FAMILY = "1,2";
			};
			name = Debug;
		};
		833161791FDC6BF80048ED24 /* Release */ = {
			isa = XCBuildConfiguration;
			baseConfigurationReference = 8FAF63DD4DF301C4D7D63C53 /* Pods-LabsterProj.release.xcconfig */;
			buildSettings = {
				ASSETCATALOG_COMPILER_APPICON_NAME = AppIcon;
				CODE_SIGN_STYLE = Automatic;
				DEVELOPMENT_TEAM = C3AWL2X8CT;
				INFOPLIST_FILE = LabsterProj/Info.plist;
				IPHONEOS_DEPLOYMENT_TARGET = 10.1;
				LD_RUNPATH_SEARCH_PATHS = "$(inherited) @executable_path/Frameworks";
				PRODUCT_BUNDLE_IDENTIFIER = com.RaduAlbastroiu.LabsterProj;
				PRODUCT_NAME = "$(TARGET_NAME)";
				SWIFT_VERSION = 4.0;
				TARGETED_DEVICE_FAMILY = "1,2";
			};
			name = Release;
		};
/* End XCBuildConfiguration section */

/* Begin XCConfigurationList section */
		833161601FDC6BF80048ED24 /* Build configuration list for PBXProject "LabsterProj" */ = {
			isa = XCConfigurationList;
			buildConfigurations = (
				833161751FDC6BF80048ED24 /* Debug */,
				833161761FDC6BF80048ED24 /* Release */,
			);
			defaultConfigurationIsVisible = 0;
			defaultConfigurationName = Release;
		};
		833161771FDC6BF80048ED24 /* Build configuration list for PBXNativeTarget "LabsterProj" */ = {
			isa = XCConfigurationList;
			buildConfigurations = (
				833161781FDC6BF80048ED24 /* Debug */,
				833161791FDC6BF80048ED24 /* Release */,
			);
			defaultConfigurationIsVisible = 0;
			defaultConfigurationName = Release;
		};
/* End XCConfigurationList section */
	};
	rootObject = 8331615D1FDC6BF80048ED24 /* Project object */;
}
